
Microsoft Visual Studio Solution File, Format Version 12.00
# Visual Studio 2012
Project("{FAE04EC0-301F-11D3-BF4B-00C04F79EFBC}") = "WALTools", "WALTools\WALTools.csproj", "{33358EAC-C8B6-451F-A14F-3FE812C4DB4F}"
EndProject
Project("{FAE04EC0-301F-11D3-BF4B-00C04F79EFBC}") = "WALTools.Test", "WALTools.Test\WALTools.Test.csproj", "{A5B4CAE8-A79B-4E40-A763-8DC3CAA1C46A}"
EndProject
Project("{2150E333-8FDC-42A3-9474-1A3956D46DE8}") = ".nuget", ".nuget", "{1FC314C7-5998-43AE-8FBB-D8C75B27CCAB}"
	ProjectSection(SolutionItems) = preProject
		.nuget\packages.config = .nuget\packages.config
	EndProjectSection
EndProject
Project("{2150E333-8FDC-42A3-9474-1A3956D46DE8}") = "Solution Items", "Solution Items", "{24C1E70F-D1C3-4E18-8593-9DAA8BC25F0B}"
	ProjectSection(SolutionItems) = preProject
		WALTools.nuspec = WALTools.nuspec
	EndProjectSection
EndProject
Project("{FAE04EC0-301F-11D3-BF4B-00C04F79EFBC}") = "Runner", "Runner\Runner.csproj", "{96DD6BD9-FC0C-4595-AB3C-A6431EDE95E7}"
EndProject
Global
	GlobalSection(SolutionConfigurationPlatforms) = preSolution
		Debug|Any CPU = Debug|Any CPU
		Release|Any CPU = Release|Any CPU
	EndGlobalSection
	GlobalSection(ProjectConfigurationPlatforms) = postSolution
		{33358EAC-C8B6-451F-A14F-3FE812C4DB4F}.Debug|Any CPU.ActiveCfg = Debug|Any CPU
		{33358EAC-C8B6-451F-A14F-3FE812C4DB4F}.Debug|Any CPU.Build.0 = Debug|Any CPU
		{33358EAC-C8B6-451F-A14F-3FE812C4DB4F}.Release|Any CPU.ActiveCfg = Release|Any CPU
		{33358EAC-C8B6-451F-A14F-3FE812C4DB4F}.Release|Any CPU.Build.0 = Release|Any CPU
		{A5B4CAE8-A79B-4E40-A763-8DC3CAA1C46A}.Debug|Any CPU.ActiveCfg = Debug|Any CPU
		{A5B4CAE8-A79B-4E40-A763-8DC3CAA1C46A}.Debug|Any CPU.Build.0 = Debug|Any CPU
		{A5B4CAE8-A79B-4E40-A763-8DC3CAA1C46A}.Release|Any CPU.ActiveCfg = Release|Any CPU
		{A5B4CAE8-A79B-4E40-A763-8DC3CAA1C46A}.Release|Any CPU.Build.0 = Release|Any CPU
		{96DD6BD9-FC0C-4595-AB3C-A6431EDE95E7}.Debug|Any CPU.ActiveCfg = Debug|Any CPU
		{96DD6BD9-FC0C-4595-AB3C-A6431EDE95E7}.Debug|Any CPU.Build.0 = Debug|Any CPU
		{96DD6BD9-FC0C-4595-AB3C-A6431EDE95E7}.Release|Any CPU.ActiveCfg = Release|Any CPU
		{96DD6BD9-FC0C-4595-AB3C-A6431EDE95E7}.Release|Any CPU.Build.0 = Release|Any CPU
	EndGlobalSection
	GlobalSection(SolutionProperties) = preSolution
		HideSolutionNode = FALSE
	EndGlobalSection
EndGlobal
